// !$*UTF8*$!
{
	archiveVersion = 1;
	classes = {
	};
	objectVersion = 50;
	objects = {

/* Begin PBXBuildFile section */
		98574A49223F7EF100DA0A70 /* AppDelegate.swift in Sources */ = {isa = PBXBuildFile; fileRef = 98574A48223F7EF100DA0A70 /* AppDelegate.swift */; };
		98574A4B223F7EF100DA0A70 /* ViewController.swift in Sources */ = {isa = PBXBuildFile; fileRef = 98574A4A223F7EF100DA0A70 /* ViewController.swift */; };
		98574A4E223F7EF100DA0A70 /* Main.storyboard in Resources */ = {isa = PBXBuildFile; fileRef = 98574A4C223F7EF100DA0A70 /* Main.storyboard */; };
		98574A50223F7EF300DA0A70 /* Assets.xcassets in Resources */ = {isa = PBXBuildFile; fileRef = 98574A4F223F7EF300DA0A70 /* Assets.xcassets */; };
		98574A53223F7EF300DA0A70 /* LaunchScreen.storyboard in Resources */ = {isa = PBXBuildFile; fileRef = 98574A51223F7EF300DA0A70 /* LaunchScreen.storyboard */; };
		98574A5B223F813000DA0A70 /* ModalViewController.swift in Sources */ = {isa = PBXBuildFile; fileRef = 98574A5A223F813000DA0A70 /* ModalViewController.swift */; };
		98D58930223F8FF600512749 /* DismissAnimator.swift in Sources */ = {isa = PBXBuildFile; fileRef = 98D5892F223F8FF600512749 /* DismissAnimator.swift */; };
		98D58932223F90B000512749 /* Interactor.swift in Sources */ = {isa = PBXBuildFile; fileRef = 98D58931223F90B000512749 /* Interactor.swift */; };
/* End PBXBuildFile section */

/* Begin PBXFileReference section */
		98574A45223F7EF100DA0A70 /* InteractiveDismissModal.app */ = {isa = PBXFileReference; explicitFileType = wrapper.application; includeInIndex = 0; path = InteractiveDismissModal.app; sourceTree = BUILT_PRODUCTS_DIR; };
		98574A48223F7EF100DA0A70 /* AppDelegate.swift */ = {isa = PBXFileReference; lastKnownFileType = sourcecode.swift; path = AppDelegate.swift; sourceTree = "<group>"; };
		98574A4A223F7EF100DA0A70 /* ViewController.swift */ = {isa = PBXFileReference; lastKnownFileType = sourcecode.swift; path = ViewController.swift; sourceTree = "<group>"; };
		98574A4D223F7EF100DA0A70 /* Base */ = {isa = PBXFileReference; lastKnownFileType = file.storyboard; name = Base; path = Base.lproj/Main.storyboard; sourceTree = "<group>"; };
		98574A4F223F7EF300DA0A70 /* Assets.xcassets */ = {isa = PBXFileReference; lastKnownFileType = folder.assetcatalog; path = Assets.xcassets; sourceTree = "<group>"; };
		98574A52223F7EF300DA0A70 /* Base */ = {isa = PBXFileReference; lastKnownFileType = file.storyboard; name = Base; path = Base.lproj/LaunchScreen.storyboard; sourceTree = "<group>"; };
		98574A54223F7EF300DA0A70 /* Info.plist */ = {isa = PBXFileReference; lastKnownFileType = text.plist.xml; path = Info.plist; sourceTree = "<group>"; };
		98574A5A223F813000DA0A70 /* ModalViewController.swift */ = {isa = PBXFileReference; lastKnownFileType = sourcecode.swift; path = ModalViewController.swift; sourceTree = "<group>"; };
		98D5892F223F8FF600512749 /* DismissAnimator.swift */ = {isa = PBXFileReference; fileEncoding = 4; lastKnownFileType = sourcecode.swift; path = DismissAnimator.swift; sourceTree = "<group>"; };
		98D58931223F90B000512749 /* Interactor.swift */ = {isa = PBXFileReference; fileEncoding = 4; lastKnownFileType = sourcecode.swift; path = Interactor.swift; sourceTree = "<group>"; };
/* End PBXFileReference section */

/* Begin PBXFrameworksBuildPhase section */
		98574A42223F7EF100DA0A70 /* Frameworks */ = {
			isa = PBXFrameworksBuildPhase;
			buildActionMask = 2147483647;
			files = (
			);
			runOnlyForDeploymentPostprocessing = 0;
		};
/* End PBXFrameworksBuildPhase section */

/* Begin PBXGroup section */
		98574A3C223F7EF100DA0A70 = {
			isa = PBXGroup;
			children = (
				98574A47223F7EF100DA0A70 /* InteractiveDismissModal */,
				98574A46223F7EF100DA0A70 /* Products */,
			);
			sourceTree = "<group>";
		};
		98574A46223F7EF100DA0A70 /* Products */ = {
			isa = PBXGroup;
			children = (
				98574A45223F7EF100DA0A70 /* InteractiveDismissModal.app */,
			);
			name = Products;
			sourceTree = "<group>";
		};
		98574A47223F7EF100DA0A70 /* InteractiveDismissModal */ = {
			isa = PBXGroup;
			children = (
				98574A48223F7EF100DA0A70 /* AppDelegate.swift */,
				98574A4A223F7EF100DA0A70 /* ViewController.swift */,
				98574A5A223F813000DA0A70 /* ModalViewController.swift */,
				98D5892F223F8FF600512749 /* DismissAnimator.swift */,
				98D58931223F90B000512749 /* Interactor.swift */,
				98574A4C223F7EF100DA0A70 /* Main.storyboard */,
				98574A4F223F7EF300DA0A70 /* Assets.xcassets */,
				98574A51223F7EF300DA0A70 /* LaunchScreen.storyboard */,
				98574A54223F7EF300DA0A70 /* Info.plist */,
			);
			path = InteractiveDismissModal;
			sourceTree = "<group>";
		};
/* End PBXGroup section */

/* Begin PBXNativeTarget section */
		98574A44223F7EF100DA0A70 /* InteractiveDismissModal */ = {
			isa = PBXNativeTarget;
			buildConfigurationList = 98574A57223F7EF300DA0A70 /* Build configuration list for PBXNativeTarget "InteractiveDismissModal" */;
			buildPhases = (
				98574A41223F7EF100DA0A70 /* Sources */,
				98574A42223F7EF100DA0A70 /* Frameworks */,
				98574A43223F7EF100DA0A70 /* Resources */,
			);
			buildRules = (
			);
			dependencies = (
			);
			name = InteractiveDismissModal;
			productName = InteractiveDismissModal;
			productReference = 98574A45223F7EF100DA0A70 /* InteractiveDismissModal.app */;
			productType = "com.apple.product-type.application";
		};
/* End PBXNativeTarget section */

/* Begin PBXProject section */
		98574A3D223F7EF100DA0A70 /* Project object */ = {
			isa = PBXProject;
			attributes = {
				LastSwiftUpdateCheck = 1010;
				LastUpgradeCheck = 1010;
				ORGANIZATIONNAME = UMA;
				TargetAttributes = {
					98574A44223F7EF100DA0A70 = {
						CreatedOnToolsVersion = 10.1;
					};
				};
			};
			buildConfigurationList = 98574A40223F7EF100DA0A70 /* Build configuration list for PBXProject "InteractiveDismissModal" */;
			compatibilityVersion = "Xcode 9.3";
			developmentRegion = en;
			hasScannedForEncodings = 0;
			knownRegions = (
				en,
				Base,
			);
			mainGroup = 98574A3C223F7EF100DA0A70;
			productRefGroup = 98574A46223F7EF100DA0A70 /* Products */;
			projectDirPath = "";
			projectRoot = "";
			targets = (
				98574A44223F7EF100DA0A70 /* InteractiveDismissModal */,
			);
		};
/* End PBXProject section */

/* Begin PBXResourcesBuildPhase section */
		98574A43223F7EF100DA0A70 /* Resources */ = {
			isa = PBXResourcesBuildPhase;
			buildActionMask = 2147483647;
			files = (
				98574A53223F7EF300DA0A70 /* LaunchScreen.storyboard in Resources */,
				98574A50223F7EF300DA0A70 /* Assets.xcassets in Resources */,
				98574A4E223F7EF100DA0A70 /* Main.storyboard in Resources */,
			);
			runOnlyForDeploymentPostprocessing = 0;
		};
/* End PBXResourcesBuildPhase section */

/* Begin PBXSourcesBuildPhase section */
		98574A41223F7EF100DA0A70 /* Sources */ = {
			isa = PBXSourcesBuildPhase;
			buildActionMask = 2147483647;
			files = (
				98574A4B223F7EF100DA0A70 /* ViewController.swift in Sources */,
				98574A5B223F813000DA0A70 /* ModalViewController.swift in Sources */,
				98D58932223F90B000512749 /* Interactor.swift in Sources */,
				98574A49223F7EF100DA0A70 /* AppDelegate.swift in Sources */,
				98D58930223F8FF600512749 /* DismissAnimator.swift in Sources */,
			);
			runOnlyForDeploymentPostprocessing = 0;
		};
/* End PBXSourcesBuildPhase section */

/* Begin PBXVariantGroup section */
		98574A4C223F7EF100DA0A70 /* Main.storyboard */ = {
			isa = PBXVariantGroup;
			children = (
				98574A4D223F7EF100DA0A70 /* Base */,
			);
			name = Main.storyboard;
			sourceTree = "<group>";
		};
		98574A51223F7EF300DA0A70 /* LaunchScreen.storyboard */ = {
			isa = PBXVariantGroup;
			children = (
				98574A52223F7EF300DA0A70 /* Base */,
			);
			name = LaunchScreen.storyboard;
			sourceTree = "<group>";
		};
/* End PBXVariantGroup section */

/* Begin XCBuildConfiguration section */
		98574A55223F7EF300DA0A70 /* Debug */ = {
			isa = XCBuildConfiguration;
			buildSettings = {
				ALWAYS_SEARCH_USER_PATHS = NO;
				CLANG_ANALYZER_NONNULL = YES;
				CLANG_ANALYZER_NUMBER_OBJECT_CONVERSION = YES_AGGRESSIVE;
				CLANG_CXX_LANGUAGE_STANDARD = "gnu++14";
				CLANG_CXX_LIBRARY = "libc++";
				CLANG_ENABLE_MODULES = YES;
				CLANG_ENABLE_OBJC_ARC = YES;
				CLANG_ENABLE_OBJC_WEAK = YES;
				CLANG_WARN_BLOCK_CAPTURE_AUTORELEASING = YES;
				CLANG_WARN_BOOL_CONVERSION = YES;
				CLANG_WARN_COMMA = YES;
				CLANG_WARN_CONSTANT_CONVERSION = YES;
				CLANG_WARN_DEPRECATED_OBJC_IMPLEMENTATIONS = YES;
				CLANG_WARN_DIRECT_OBJC_ISA_USAGE = YES_ERROR;
				CLANG_WARN_DOCUMENTATION_COMMENTS = YES;
				CLANG_WARN_EMPTY_BODY = YES;
				CLANG_WARN_ENUM_CONVERSION = YES;
				CLANG_WARN_INFINITE_RECURSION = YES;
				CLANG_WARN_INT_CONVERSION = YES;
				CLANG_WARN_NON_LITERAL_NULL_CONVERSION = YES;
				CLANG_WARN_OBJC_IMPLICIT_RETAIN_SELF = YES;
				CLANG_WARN_OBJC_LITERAL_CONVERSION = YES;
				CLANG_WARN_OBJC_ROOT_CLASS = YES_ERROR;
				CLANG_WARN_RANGE_LOOP_ANALYSIS = YES;
				CLANG_WARN_STRICT_PROTOTYPES = YES;
				CLANG_WARN_SUSPICIOUS_MOVE = YES;
				CLANG_WARN_UNGUARDED_AVAILABILITY = YES_AGGRESSIVE;
				CLANG_WARN_UNREACHABLE_CODE = YES;
				CLANG_WARN__DUPLICATE_METHOD_MATCH = YES;
				CODE_SIGN_IDENTITY = "iPhone Developer";
				COPY_PHASE_STRIP = NO;
				DEBUG_INFORMATION_FORMAT = dwarf;
				ENABLE_STRICT_OBJC_MSGSEND = YES;
				ENABLE_TESTABILITY = YES;
				GCC_C_LANGUAGE_STANDARD = gnu11;
				GCC_DYNAMIC_NO_PIC = NO;
				GCC_NO_COMMON_BLOCKS = YES;
				GCC_OPTIMIZATION_LEVEL = 0;
				GCC_PREPROCESSOR_DEFINITIONS = (
					"DEBUG=1",
					"$(inherited)",
				);
				GCC_WARN_64_TO_32_BIT_CONVERSION = YES;
				GCC_WARN_ABOUT_RETURN_TYPE = YES_ERROR;
				GCC_WARN_UNDECLARED_SELECTOR = YES;
				GCC_WARN_UNINITIALIZED_AUTOS = YES_AGGRESSIVE;
				GCC_WARN_UNUSED_FUNCTION = YES;
				GCC_WARN_UNUSED_VARIABLE = YES;
				IPHONEOS_DEPLOYMENT_TARGET = 12.1;
				MTL_ENABLE_DEBUG_INFO = INCLUDE_SOURCE;
				MTL_FAST_MATH = YES;
				ONLY_ACTIVE_ARCH = YES;
				SDKROOT = iphoneos;
				SWIFT_ACTIVE_COMPILATION_CONDITIONS = DEBUG;
				SWIFT_OPTIMIZATION_LEVEL = "-Onone";
			};
			name = Debug;
		};
		98574A56223F7EF300DA0A70 /* Release */ = {
			isa = XCBuildConfiguration;
			buildSettings = {
				ALWAYS_SEARCH_USER_PATHS = NO;
				CLANG_ANALYZER_NONNULL = YES;
				CLANG_ANALYZER_NUMBER_OBJECT_CONVERSION = YES_AGGRESSIVE;
				CLANG_CXX_LANGUAGE_STANDARD = "gnu++14";
				CLANG_CXX_LIBRARY = "libc++";
				CLANG_ENABLE_MODULES = YES;
				CLANG_ENABLE_OBJC_ARC = YES;
				CLANG_ENABLE_OBJC_WEAK = YES;
				CLANG_WARN_BLOCK_CAPTURE_AUTORELEASING = YES;
				CLANG_WARN_BOOL_CONVERSION = YES;
				CLANG_WARN_COMMA = YES;
				CLANG_WARN_CONSTANT_CONVERSION = YES;
				CLANG_WARN_DEPRECATED_OBJC_IMPLEMENTATIONS = YES;
				CLANG_WARN_DIRECT_OBJC_ISA_USAGE = YES_ERROR;
				CLANG_WARN_DOCUMENTATION_COMMENTS = YES;
				CLANG_WARN_EMPTY_BODY = YES;
				CLANG_WARN_ENUM_CONVERSION = YES;
				CLANG_WARN_INFINITE_RECURSION = YES;
				CLANG_WARN_INT_CONVERSION = YES;
				CLANG_WARN_NON_LITERAL_NULL_CONVERSION = YES;
				CLANG_WARN_OBJC_IMPLICIT_RETAIN_SELF = YES;
				CLANG_WARN_OBJC_LITERAL_CONVERSION = YES;
				CLANG_WARN_OBJC_ROOT_CLASS = YES_ERROR;
				CLANG_WARN_RANGE_LOOP_ANALYSIS = YES;
				CLANG_WARN_STRICT_PROTOTYPES = YES;
				CLANG_WARN_SUSPICIOUS_MOVE = YES;
				CLANG_WARN_UNGUARDED_AVAILABILITY = YES_AGGRESSIVE;
				CLANG_WARN_UNREACHABLE_CODE = YES;
				CLANG_WARN__DUPLICATE_METHOD_MATCH = YES;
				CODE_SIGN_IDENTITY = "iPhone Developer";
				COPY_PHASE_STRIP = NO;
				DEBUG_INFORMATION_FORMAT = "dwarf-with-dsym";
				ENABLE_NS_ASSERTIONS = NO;
				ENABLE_STRICT_OBJC_MSGSEND = YES;
				GCC_C_LANGUAGE_STANDARD = gnu11;
				GCC_NO_COMMON_BLOCKS = YES;
				GCC_WARN_64_TO_32_BIT_CONVERSION = YES;
				GCC_WARN_ABOUT_RETURN_TYPE = YES_ERROR;
				GCC_WARN_UNDECLARED_SELECTOR = YES;
				GCC_WARN_UNINITIALIZED_AUTOS = YES_AGGRESSIVE;
				GCC_WARN_UNUSED_FUNCTION = YES;
				GCC_WARN_UNUSED_VARIABLE = YES;
				IPHONEOS_DEPLOYMENT_TARGET = 12.1;
				MTL_ENABLE_DEBUG_INFO = NO;
				MTL_FAST_MATH = YES;
				SDKROOT = iphoneos;
				SWIFT_COMPILATION_MODE = wholemodule;
				SWIFT_OPTIMIZATION_LEVEL = "-O";
				VALIDATE_PRODUCT = YES;
			};
			name = Release;
		};
		98574A58223F7EF300DA0A70 /* Debug */ = {
			isa = XCBuildConfiguration;
			buildSettings = {
				ASSETCATALOG_COMPILER_APPICON_NAME = AppIcon;
				CODE_SIGN_STYLE = Automatic;
				INFOPLIST_FILE = InteractiveDismissModal/Info.plist;
				LD_RUNPATH_SEARCH_PATHS = (
					"$(inherited)",
					"@executable_path/Frameworks",
				);
				PRODUCT_BUNDLE_IDENTIFIER = edu.self.InteractiveDismissModal;
				PRODUCT_NAME = "$(TARGET_NAME)";
				SWIFT_VERSION = 4.2;
				TARGETED_DEVICE_FAMILY = "1,2";
			};
			name = Debug;
		};
		98574A59223F7EF300DA0A70 /* Release */ = {
			isa = XCBuildConfiguration;
			buildSettings = {
				ASSETCATALOG_COMPILER_APPICON_NAME = AppIcon;
				CODE_SIGN_STYLE = Automatic;
				INFOPLIST_FILE = InteractiveDismissModal/Info.plist;
				LD_RUNPATH_SEARCH_PATHS = (
					"$(inherited)",
					"@executable_path/Frameworks",
				);
				PRODUCT_BUNDLE_IDENTIFIER = edu.self.InteractiveDismissModal;
				PRODUCT_NAME = "$(TARGET_NAME)";
				SWIFT_VERSION = 4.2;
				TARGETED_DEVICE_FAMILY = "1,2";
			};
			name = Release;
		};
/* End XCBuildConfiguration section */

/* Begin XCConfigurationList section */
		98574A40223F7EF100DA0A70 /* Build configuration list for PBXProject "InteractiveDismissModal" */ = {
			isa = XCConfigurationList;
			buildConfigurations = (
				98574A55223F7EF300DA0A70 /* Debug */,
				98574A56223F7EF300DA0A70 /* Release */,
			);
			defaultConfigurationIsVisible = 0;
			defaultConfigurationName = Release;
		};
		98574A57223F7EF300DA0A70 /* Build configuration list for PBXNativeTarget "InteractiveDismissModal" */ = {
			isa = XCConfigurationList;
			buildConfigurations = (
				98574A58223F7EF300DA0A70 /* Debug */,
				98574A59223F7EF300DA0A70 /* Release */,
			);
			defaultConfigurationIsVisible = 0;
			defaultConfigurationName = Release;
		};
/* End XCConfigurationList section */
	};
	rootObject = 98574A3D223F7EF100DA0A70 /* Project object */;
}
